
Microsoft Visual Studio Solution File, Format Version 12.00
# Visual Studio Version 17
VisualStudioVersion = 17.0.31903.59
MinimumVisualStudioVersion = 10.0.40219.1
Project("{FAE04EC0-301F-11D3-BF4B-00C04F79EFBC}") = "RadzenCrmApp", "RadzenCrmApp\RadzenCrmApp.csproj", "{A831C062-9A6F-4987-97B5-9242FF36007B}"
EndProject
Project("{FAE04EC0-301F-11D3-BF4B-00C04F79EFBC}") = "RadzenCrmApp.Shared", "RadzenCrmApp.Shared\RadzenCrmApp.Shared.csproj", "{1A517367-4A97-4D8A-B541-2603BA2FBE63}"
EndProject
Project("{FAE04EC0-301F-11D3-BF4B-00C04F79EFBC}") = "RadzenCrmApp.Shared.Blazor", "RadzenCrmApp.Shared.Blazor\RadzenCrmApp.Shared.Blazor.csproj", "{334EA60C-F339-443F-9DA6-23BD38139B51}"
EndProject
Project("{FAE04EC0-301F-11D3-BF4B-00C04F79EFBC}") = "RadzenCrmApp.Blazor", "RadzenCrmApp.Blazor\RadzenCrmApp.Blazor.csproj", "{B20FD437-A26F-4E12-9ED9-FB2247D4A558}"
EndProject
Global
	GlobalSection(SolutionConfigurationPlatforms) = preSolution
		Debug|Any CPU = Debug|Any CPU
		Release|Any CPU = Release|Any CPU
	EndGlobalSection
	GlobalSection(SolutionProperties) = preSolution
		HideSolutionNode = FALSE
	EndGlobalSection
	GlobalSection(ProjectConfigurationPlatforms) = postSolution
		{A831C062-9A6F-4987-97B5-9242FF36007B}.Debug|Any CPU.ActiveCfg = Debug|Any CPU
		{A831C062-9A6F-4987-97B5-9242FF36007B}.Debug|Any CPU.Build.0 = Debug|Any CPU
		{A831C062-9A6F-4987-97B5-9242FF36007B}.Release|Any CPU.ActiveCfg = Release|Any CPU
		{A831C062-9A6F-4987-97B5-9242FF36007B}.Release|Any CPU.Build.0 = Release|Any CPU
		{1A517367-4A97-4D8A-B541-2603BA2FBE63}.Debug|Any CPU.ActiveCfg = Debug|Any CPU
		{1A517367-4A97-4D8A-B541-2603BA2FBE63}.Debug|Any CPU.Build.0 = Debug|Any CPU
		{1A517367-4A97-4D8A-B541-2603BA2FBE63}.Release|Any CPU.ActiveCfg = Release|Any CPU
		{1A517367-4A97-4D8A-B541-2603BA2FBE63}.Release|Any CPU.Build.0 = Release|Any CPU
		{334EA60C-F339-443F-9DA6-23BD38139B51}.Debug|Any CPU.ActiveCfg = Debug|Any CPU
		{334EA60C-F339-443F-9DA6-23BD38139B51}.Debug|Any CPU.Build.0 = Debug|Any CPU
		{334EA60C-F339-443F-9DA6-23BD38139B51}.Release|Any CPU.ActiveCfg = Release|Any CPU
		{334EA60C-F339-443F-9DA6-23BD38139B51}.Release|Any CPU.Build.0 = Release|Any CPU
		{B20FD437-A26F-4E12-9ED9-FB2247D4A558}.Debug|Any CPU.ActiveCfg = Debug|Any CPU
		{B20FD437-A26F-4E12-9ED9-FB2247D4A558}.Debug|Any CPU.Build.0 = Debug|Any CPU
		{B20FD437-A26F-4E12-9ED9-FB2247D4A558}.Release|Any CPU.ActiveCfg = Release|Any CPU
		{B20FD437-A26F-4E12-9ED9-FB2247D4A558}.Release|Any CPU.Build.0 = Release|Any CPU
	EndGlobalSection
EndGlobal
